// !$*UTF8*$!
{
	archiveVersion = 1;
	classes = {
	};
	objectVersion = 56;
	objects = {

/* Begin PBXBuildFile section */
		913310522959B50F0040DD90 /* MockURLProtocol.swift in Sources */ = {isa = PBXBuildFile; fileRef = 913310512959B50F0040DD90 /* MockURLProtocol.swift */; };
		913310562959B5670040DD90 /* BaluchonTests.swift in Sources */ = {isa = PBXBuildFile; fileRef = 913310552959B5670040DD90 /* BaluchonTests.swift */; };
		913310592959B6C60040DD90 /* Weather.json in Resources */ = {isa = PBXBuildFile; fileRef = 913310582959B6C60040DD90 /* Weather.json */; };
		985AC21A2922DDB400480833 /* ConversionModel.swift in Sources */ = {isa = PBXBuildFile; fileRef = 985AC2192922DDB400480833 /* ConversionModel.swift */; };
		985AC21E2922DDDB00480833 /* ConversionController.swift in Sources */ = {isa = PBXBuildFile; fileRef = 985AC21D2922DDDB00480833 /* ConversionController.swift */; };
		985AC2242922DF3D00480833 /* TranslationModel.swift in Sources */ = {isa = PBXBuildFile; fileRef = 985AC2232922DF3D00480833 /* TranslationModel.swift */; };
		985AC2282922DF7100480833 /* TranslationViewController.swift in Sources */ = {isa = PBXBuildFile; fileRef = 985AC2272922DF7100480833 /* TranslationViewController.swift */; };
		985AC233292A9D1200480833 /* WeatherCollectionView.swift in Sources */ = {isa = PBXBuildFile; fileRef = 985AC232292A9D1200480833 /* WeatherCollectionView.swift */; };
		988C520F295DEB2C00CDFD64 /* Conversion.json in Resources */ = {isa = PBXBuildFile; fileRef = 988C520E295DEB2C00CDFD64 /* Conversion.json */; };
		988C5212295DF17500CDFD64 /* Translation.json in Resources */ = {isa = PBXBuildFile; fileRef = 988C5211295DF17500CDFD64 /* Translation.json */; };
		988C5214295F0C0E00CDFD64 /* MockError.swift in Sources */ = {isa = PBXBuildFile; fileRef = 988C5213295F0C0E00CDFD64 /* MockError.swift */; };
		988FED1729352210007228F3 /* WeatherEntity.swift in Sources */ = {isa = PBXBuildFile; fileRef = 988FED1629352210007228F3 /* WeatherEntity.swift */; };
		988FED1929352386007228F3 /* NetworkWeatherService.swift in Sources */ = {isa = PBXBuildFile; fileRef = 988FED1829352386007228F3 /* NetworkWeatherService.swift */; };
		988FED1C293A1481007228F3 /* NetworkProtocol.swift in Sources */ = {isa = PBXBuildFile; fileRef = 988FED1B293A1481007228F3 /* NetworkProtocol.swift */; };
		988FED20293A605E007228F3 /* AlertProvider.swift in Sources */ = {isa = PBXBuildFile; fileRef = 988FED1F293A605E007228F3 /* AlertProvider.swift */; };
		98C413332922CA2F0030AA68 /* AppDelegate.swift in Sources */ = {isa = PBXBuildFile; fileRef = 98C413322922CA2F0030AA68 /* AppDelegate.swift */; };
		98C413352922CA2F0030AA68 /* SceneDelegate.swift in Sources */ = {isa = PBXBuildFile; fileRef = 98C413342922CA2F0030AA68 /* SceneDelegate.swift */; };
		98C4133C2922CA300030AA68 /* Assets.xcassets in Resources */ = {isa = PBXBuildFile; fileRef = 98C4133B2922CA300030AA68 /* Assets.xcassets */; };
		98C4133F2922CA300030AA68 /* LaunchScreen.storyboard in Resources */ = {isa = PBXBuildFile; fileRef = 98C4133D2922CA300030AA68 /* LaunchScreen.storyboard */; };
		98C4134A2922CE650030AA68 /* TabBarViewController.swift in Sources */ = {isa = PBXBuildFile; fileRef = 98C413492922CE650030AA68 /* TabBarViewController.swift */; };
		98C4134D2922D5FB0030AA68 /* WeatherViewController.swift in Sources */ = {isa = PBXBuildFile; fileRef = 98C4134C2922D5FB0030AA68 /* WeatherViewController.swift */; };
		98C413522922D8C60030AA68 /* WeatherModel.swift in Sources */ = {isa = PBXBuildFile; fileRef = 98C413512922D8C60030AA68 /* WeatherModel.swift */; };
		98C413542922D8D40030AA68 /* WeatherCollectionViewCell.swift in Sources */ = {isa = PBXBuildFile; fileRef = 98C413532922D8D40030AA68 /* WeatherCollectionViewCell.swift */; };
		98C71EBA294A34E20057FCAA /* TranslationTableView.swift in Sources */ = {isa = PBXBuildFile; fileRef = 98C71EB9294A34E20057FCAA /* TranslationTableView.swift */; };
		98C71EBC294A36510057FCAA /* TranslationLangagesTableViewCell.swift in Sources */ = {isa = PBXBuildFile; fileRef = 98C71EBB294A36510057FCAA /* TranslationLangagesTableViewCell.swift */; };
		98C71EBE294A38340057FCAA /* TranslationButtonTableViewCell.swift in Sources */ = {isa = PBXBuildFile; fileRef = 98C71EBD294A38340057FCAA /* TranslationButtonTableViewCell.swift */; };
		98C71EC0294A42B70057FCAA /* TranslationTextToTranslateTableViewCell.swift in Sources */ = {isa = PBXBuildFile; fileRef = 98C71EBF294A42B70057FCAA /* TranslationTextToTranslateTableViewCell.swift */; };
		98C71EC2294A494D0057FCAA /* TranslationTextTranslatedCell.swift in Sources */ = {isa = PBXBuildFile; fileRef = 98C71EC1294A494D0057FCAA /* TranslationTextTranslatedCell.swift */; };
		98C71EC5294CA2E20057FCAA /* TranslationNetworkService.swift in Sources */ = {isa = PBXBuildFile; fileRef = 98C71EC4294CA2E20057FCAA /* TranslationNetworkService.swift */; };
		98C71EC7294CA3CB0057FCAA /* TranslationEntity.swift in Sources */ = {isa = PBXBuildFile; fileRef = 98C71EC6294CA3CB0057FCAA /* TranslationEntity.swift */; };
		98DA370C293D3DFD00411E78 /* ConversionNetworkService.swift in Sources */ = {isa = PBXBuildFile; fileRef = 98DA370B293D3DFD00411E78 /* ConversionNetworkService.swift */; };
		98DA370F293D455900411E78 /* ConversionEntity.swift in Sources */ = {isa = PBXBuildFile; fileRef = 98DA370E293D455900411E78 /* ConversionEntity.swift */; };
		98DA3711293D534C00411E78 /* ConversionTableView.swift in Sources */ = {isa = PBXBuildFile; fileRef = 98DA3710293D534C00411E78 /* ConversionTableView.swift */; };
		98DA3713293D54DA00411E78 /* ConversionTableViewCell.swift in Sources */ = {isa = PBXBuildFile; fileRef = 98DA3712293D54DA00411E78 /* ConversionTableViewCell.swift */; };
		98DA3715294492E300411E78 /* ConversionCurrencyTableViewCell.swift in Sources */ = {isa = PBXBuildFile; fileRef = 98DA3714294492E300411E78 /* ConversionCurrencyTableViewCell.swift */; };
		98DA371729449D7400411E78 /* ConversionResultTableViewCell.swift in Sources */ = {isa = PBXBuildFile; fileRef = 98DA371629449D7400411E78 /* ConversionResultTableViewCell.swift */; };
		98DA37192944BA4500411E78 /* ConversionButtonTableViewCell.swift in Sources */ = {isa = PBXBuildFile; fileRef = 98DA37182944BA4500411E78 /* ConversionButtonTableViewCell.swift */; };
		98DA371C2944BDC800411E78 /* ConversionValueTableViewCell.swift in Sources */ = {isa = PBXBuildFile; fileRef = 98DA371B2944BDC800411E78 /* ConversionValueTableViewCell.swift */; };
		98F9335D2944EDE3007B75D1 /* Float+Clean.swift in Sources */ = {isa = PBXBuildFile; fileRef = 98F9335C2944EDE3007B75D1 /* Float+Clean.swift */; };
/* End PBXBuildFile section */

/* Begin PBXContainerItemProxy section */
		98BE9F0329535750003A7FF4 /* PBXContainerItemProxy */ = {
			isa = PBXContainerItemProxy;
			containerPortal = 98C413272922CA2F0030AA68 /* Project object */;
			proxyType = 1;
			remoteGlobalIDString = 98C4132E2922CA2F0030AA68;
			remoteInfo = Baluchon;
		};
/* End PBXContainerItemProxy section */

/* Begin PBXFileReference section */
		913310512959B50F0040DD90 /* MockURLProtocol.swift */ = {isa = PBXFileReference; lastKnownFileType = sourcecode.swift; path = MockURLProtocol.swift; sourceTree = "<group>"; };
		913310552959B5670040DD90 /* BaluchonTests.swift */ = {isa = PBXFileReference; lastKnownFileType = sourcecode.swift; path = BaluchonTests.swift; sourceTree = "<group>"; };
		913310582959B6C60040DD90 /* Weather.json */ = {isa = PBXFileReference; fileEncoding = 4; lastKnownFileType = text.json; path = Weather.json; sourceTree = "<group>"; };
		985AC2192922DDB400480833 /* ConversionModel.swift */ = {isa = PBXFileReference; lastKnownFileType = sourcecode.swift; path = ConversionModel.swift; sourceTree = "<group>"; };
		985AC21D2922DDDB00480833 /* ConversionController.swift */ = {isa = PBXFileReference; lastKnownFileType = sourcecode.swift; path = ConversionController.swift; sourceTree = "<group>"; };
		985AC2232922DF3D00480833 /* TranslationModel.swift */ = {isa = PBXFileReference; lastKnownFileType = sourcecode.swift; path = TranslationModel.swift; sourceTree = "<group>"; };
		985AC2272922DF7100480833 /* TranslationViewController.swift */ = {isa = PBXFileReference; lastKnownFileType = sourcecode.swift; path = TranslationViewController.swift; sourceTree = "<group>"; };
		985AC232292A9D1200480833 /* WeatherCollectionView.swift */ = {isa = PBXFileReference; lastKnownFileType = sourcecode.swift; path = WeatherCollectionView.swift; sourceTree = "<group>"; };
		988C520E295DEB2C00CDFD64 /* Conversion.json */ = {isa = PBXFileReference; fileEncoding = 4; lastKnownFileType = text.json; path = Conversion.json; sourceTree = "<group>"; };
		988C5211295DF17500CDFD64 /* Translation.json */ = {isa = PBXFileReference; fileEncoding = 4; lastKnownFileType = text.json; path = Translation.json; sourceTree = "<group>"; };
		988C5213295F0C0E00CDFD64 /* MockError.swift */ = {isa = PBXFileReference; lastKnownFileType = sourcecode.swift; path = MockError.swift; sourceTree = "<group>"; };
		988FED1629352210007228F3 /* WeatherEntity.swift */ = {isa = PBXFileReference; lastKnownFileType = sourcecode.swift; path = WeatherEntity.swift; sourceTree = "<group>"; };
		988FED1829352386007228F3 /* NetworkWeatherService.swift */ = {isa = PBXFileReference; lastKnownFileType = sourcecode.swift; path = NetworkWeatherService.swift; sourceTree = "<group>"; };
		988FED1B293A1481007228F3 /* NetworkProtocol.swift */ = {isa = PBXFileReference; lastKnownFileType = sourcecode.swift; path = NetworkProtocol.swift; sourceTree = "<group>"; };
		988FED1F293A605E007228F3 /* AlertProvider.swift */ = {isa = PBXFileReference; lastKnownFileType = sourcecode.swift; path = AlertProvider.swift; sourceTree = "<group>"; };
		98BE9EFF29535750003A7FF4 /* BaluchonTests.xctest */ = {isa = PBXFileReference; explicitFileType = wrapper.cfbundle; includeInIndex = 0; path = BaluchonTests.xctest; sourceTree = BUILT_PRODUCTS_DIR; };
		98C4132F2922CA2F0030AA68 /* Baluchon.app */ = {isa = PBXFileReference; explicitFileType = wrapper.application; includeInIndex = 0; path = Baluchon.app; sourceTree = BUILT_PRODUCTS_DIR; };
		98C413322922CA2F0030AA68 /* AppDelegate.swift */ = {isa = PBXFileReference; lastKnownFileType = sourcecode.swift; path = AppDelegate.swift; sourceTree = "<group>"; };
		98C413342922CA2F0030AA68 /* SceneDelegate.swift */ = {isa = PBXFileReference; lastKnownFileType = sourcecode.swift; path = SceneDelegate.swift; sourceTree = "<group>"; };
		98C4133B2922CA300030AA68 /* Assets.xcassets */ = {isa = PBXFileReference; lastKnownFileType = folder.assetcatalog; path = Assets.xcassets; sourceTree = "<group>"; };
		98C4133E2922CA300030AA68 /* Base */ = {isa = PBXFileReference; lastKnownFileType = file.storyboard; name = Base; path = Base.lproj/LaunchScreen.storyboard; sourceTree = "<group>"; };
		98C413402922CA300030AA68 /* Info.plist */ = {isa = PBXFileReference; lastKnownFileType = text.plist.xml; path = Info.plist; sourceTree = "<group>"; };
		98C413492922CE650030AA68 /* TabBarViewController.swift */ = {isa = PBXFileReference; lastKnownFileType = sourcecode.swift; path = TabBarViewController.swift; sourceTree = "<group>"; };
		98C4134C2922D5FB0030AA68 /* WeatherViewController.swift */ = {isa = PBXFileReference; lastKnownFileType = sourcecode.swift; path = WeatherViewController.swift; sourceTree = "<group>"; };
		98C413512922D8C60030AA68 /* WeatherModel.swift */ = {isa = PBXFileReference; lastKnownFileType = sourcecode.swift; path = WeatherModel.swift; sourceTree = "<group>"; };
		98C413532922D8D40030AA68 /* WeatherCollectionViewCell.swift */ = {isa = PBXFileReference; lastKnownFileType = sourcecode.swift; path = WeatherCollectionViewCell.swift; sourceTree = "<group>"; };
		98C71EB9294A34E20057FCAA /* TranslationTableView.swift */ = {isa = PBXFileReference; lastKnownFileType = sourcecode.swift; path = TranslationTableView.swift; sourceTree = "<group>"; };
		98C71EBB294A36510057FCAA /* TranslationLangagesTableViewCell.swift */ = {isa = PBXFileReference; lastKnownFileType = sourcecode.swift; path = TranslationLangagesTableViewCell.swift; sourceTree = "<group>"; };
		98C71EBD294A38340057FCAA /* TranslationButtonTableViewCell.swift */ = {isa = PBXFileReference; lastKnownFileType = sourcecode.swift; path = TranslationButtonTableViewCell.swift; sourceTree = "<group>"; };
		98C71EBF294A42B70057FCAA /* TranslationTextToTranslateTableViewCell.swift */ = {isa = PBXFileReference; lastKnownFileType = sourcecode.swift; path = TranslationTextToTranslateTableViewCell.swift; sourceTree = "<group>"; };
		98C71EC1294A494D0057FCAA /* TranslationTextTranslatedCell.swift */ = {isa = PBXFileReference; lastKnownFileType = sourcecode.swift; path = TranslationTextTranslatedCell.swift; sourceTree = "<group>"; };
		98C71EC4294CA2E20057FCAA /* TranslationNetworkService.swift */ = {isa = PBXFileReference; lastKnownFileType = sourcecode.swift; path = TranslationNetworkService.swift; sourceTree = "<group>"; };
		98C71EC6294CA3CB0057FCAA /* TranslationEntity.swift */ = {isa = PBXFileReference; lastKnownFileType = sourcecode.swift; path = TranslationEntity.swift; sourceTree = "<group>"; };
		98DA370B293D3DFD00411E78 /* ConversionNetworkService.swift */ = {isa = PBXFileReference; lastKnownFileType = sourcecode.swift; path = ConversionNetworkService.swift; sourceTree = "<group>"; };
		98DA370E293D455900411E78 /* ConversionEntity.swift */ = {isa = PBXFileReference; lastKnownFileType = sourcecode.swift; path = ConversionEntity.swift; sourceTree = "<group>"; };
		98DA3710293D534C00411E78 /* ConversionTableView.swift */ = {isa = PBXFileReference; lastKnownFileType = sourcecode.swift; path = ConversionTableView.swift; sourceTree = "<group>"; };
		98DA3712293D54DA00411E78 /* ConversionTableViewCell.swift */ = {isa = PBXFileReference; lastKnownFileType = sourcecode.swift; path = ConversionTableViewCell.swift; sourceTree = "<group>"; };
		98DA3714294492E300411E78 /* ConversionCurrencyTableViewCell.swift */ = {isa = PBXFileReference; lastKnownFileType = sourcecode.swift; path = ConversionCurrencyTableViewCell.swift; sourceTree = "<group>"; };
		98DA371629449D7400411E78 /* ConversionResultTableViewCell.swift */ = {isa = PBXFileReference; lastKnownFileType = sourcecode.swift; path = ConversionResultTableViewCell.swift; sourceTree = "<group>"; };
		98DA37182944BA4500411E78 /* ConversionButtonTableViewCell.swift */ = {isa = PBXFileReference; lastKnownFileType = sourcecode.swift; path = ConversionButtonTableViewCell.swift; sourceTree = "<group>"; };
		98DA371B2944BDC800411E78 /* ConversionValueTableViewCell.swift */ = {isa = PBXFileReference; lastKnownFileType = sourcecode.swift; path = ConversionValueTableViewCell.swift; sourceTree = "<group>"; };
		98F9335C2944EDE3007B75D1 /* Float+Clean.swift */ = {isa = PBXFileReference; lastKnownFileType = sourcecode.swift; path = "Float+Clean.swift"; sourceTree = "<group>"; };
/* End PBXFileReference section */

/* Begin PBXFrameworksBuildPhase section */
		98BE9EFC29535750003A7FF4 /* Frameworks */ = {
			isa = PBXFrameworksBuildPhase;
			buildActionMask = 2147483647;
			files = (
			);
			runOnlyForDeploymentPostprocessing = 0;
		};
		98C4132C2922CA2F0030AA68 /* Frameworks */ = {
			isa = PBXFrameworksBuildPhase;
			buildActionMask = 2147483647;
			files = (
			);
			runOnlyForDeploymentPostprocessing = 0;
		};
/* End PBXFrameworksBuildPhase section */

/* Begin PBXGroup section */
		913310502959B4FC0040DD90 /* Mock */ = {
			isa = PBXGroup;
			children = (
				913310572959B6780040DD90 /* json */,
				913310512959B50F0040DD90 /* MockURLProtocol.swift */,
				988C5213295F0C0E00CDFD64 /* MockError.swift */,
			);
			path = Mock;
			sourceTree = "<group>";
		};
		913310572959B6780040DD90 /* json */ = {
			isa = PBXGroup;
			children = (
				988C520E295DEB2C00CDFD64 /* Conversion.json */,
				988C5211295DF17500CDFD64 /* Translation.json */,
				913310582959B6C60040DD90 /* Weather.json */,
			);
			path = json;
			sourceTree = "<group>";
		};
		985AC2142922DD4E00480833 /* Conversion */ = {
			isa = PBXGroup;
			children = (
				985AC2192922DDB400480833 /* ConversionModel.swift */,
			);
			path = Conversion;
			sourceTree = "<group>";
		};
		985AC2182922DD8500480833 /* Models */ = {
			isa = PBXGroup;
			children = (
				985AC21F2922DE9600480833 /* Translation */,
				985AC2142922DD4E00480833 /* Conversion */,
				98C4134B2922D4EF0030AA68 /* Weather */,
			);
			path = Models;
			sourceTree = "<group>";
		};
		985AC21F2922DE9600480833 /* Translation */ = {
			isa = PBXGroup;
			children = (
				985AC2232922DF3D00480833 /* TranslationModel.swift */,
			);
			path = Translation;
			sourceTree = "<group>";
		};
		985AC22F292A760A00480833 /* Services */ = {
			isa = PBXGroup;
			children = (
				98BE9F12295B2BFC003A7FF4 /* Networks */,
				988FED1F293A605E007228F3 /* AlertProvider.swift */,
			);
			path = Services;
			sourceTree = "<group>";
		};
		988C5210295DEFDD00CDFD64 /* Entities */ = {
			isa = PBXGroup;
			children = (
				98C71EC6294CA3CB0057FCAA /* TranslationEntity.swift */,
				98DA370E293D455900411E78 /* ConversionEntity.swift */,
				988FED1629352210007228F3 /* WeatherEntity.swift */,
			);
			path = Entities;
			sourceTree = "<group>";
		};
		98BE9F0029535750003A7FF4 /* BaluchonTests */ = {
			isa = PBXGroup;
			children = (
				913310552959B5670040DD90 /* BaluchonTests.swift */,
				913310502959B4FC0040DD90 /* Mock */,
			);
			path = BaluchonTests;
			sourceTree = "<group>";
		};
		98BE9F082954C6D8003A7FF4 /* Controllers */ = {
			isa = PBXGroup;
			children = (
				985AC2272922DF7100480833 /* TranslationViewController.swift */,
				98C4134C2922D5FB0030AA68 /* WeatherViewController.swift */,
				985AC21D2922DDDB00480833 /* ConversionController.swift */,
			);
			path = Controllers;
			sourceTree = "<group>";
		};
		98BE9F092954C6E0003A7FF4 /* Views */ = {
			isa = PBXGroup;
			children = (
				98BE9F0F2954C763003A7FF4 /* Conversion */,
				98BE9F0C2954C701003A7FF4 /* Weather */,
				98BE9F0A2954C6E9003A7FF4 /* Translation */,
			);
			path = Views;
			sourceTree = "<group>";
		};
		98BE9F0A2954C6E9003A7FF4 /* Translation */ = {
			isa = PBXGroup;
			children = (
				98C71EB9294A34E20057FCAA /* TranslationTableView.swift */,
				98C71EBB294A36510057FCAA /* TranslationLangagesTableViewCell.swift */,
				98C71EBD294A38340057FCAA /* TranslationButtonTableViewCell.swift */,
				98C71EBF294A42B70057FCAA /* TranslationTextToTranslateTableViewCell.swift */,
				98C71EC1294A494D0057FCAA /* TranslationTextTranslatedCell.swift */,
			);
			path = Translation;
			sourceTree = "<group>";
		};
		98BE9F0C2954C701003A7FF4 /* Weather */ = {
			isa = PBXGroup;
			children = (
				98C413532922D8D40030AA68 /* WeatherCollectionViewCell.swift */,
				985AC232292A9D1200480833 /* WeatherCollectionView.swift */,
			);
			path = Weather;
			sourceTree = "<group>";
		};
		98BE9F0F2954C763003A7FF4 /* Conversion */ = {
			isa = PBXGroup;
			children = (
				98DA3710293D534C00411E78 /* ConversionTableView.swift */,
				98DA3712293D54DA00411E78 /* ConversionTableViewCell.swift */,
				98DA37182944BA4500411E78 /* ConversionButtonTableViewCell.swift */,
				98DA3714294492E300411E78 /* ConversionCurrencyTableViewCell.swift */,
				98DA371B2944BDC800411E78 /* ConversionValueTableViewCell.swift */,
				98DA371629449D7400411E78 /* ConversionResultTableViewCell.swift */,
			);
			name = Conversion;
			path = Conversion/Conversion;
			sourceTree = "<group>";
		};
		98BE9F12295B2BFC003A7FF4 /* Networks */ = {
			isa = PBXGroup;
			children = (
				988C5210295DEFDD00CDFD64 /* Entities */,
				98DA370B293D3DFD00411E78 /* ConversionNetworkService.swift */,
				988FED1829352386007228F3 /* NetworkWeatherService.swift */,
				98C71EC4294CA2E20057FCAA /* TranslationNetworkService.swift */,
				988FED1B293A1481007228F3 /* NetworkProtocol.swift */,
			);
			path = Networks;
			sourceTree = "<group>";
		};
		98C413262922CA2F0030AA68 = {
			isa = PBXGroup;
			children = (
				98C413312922CA2F0030AA68 /* Baluchon */,
				98BE9F0029535750003A7FF4 /* BaluchonTests */,
				98C413302922CA2F0030AA68 /* Products */,
			);
			sourceTree = "<group>";
		};
		98C413302922CA2F0030AA68 /* Products */ = {
			isa = PBXGroup;
			children = (
				98C4132F2922CA2F0030AA68 /* Baluchon.app */,
				98BE9EFF29535750003A7FF4 /* BaluchonTests.xctest */,
			);
			name = Products;
			sourceTree = "<group>";
		};
		98C413312922CA2F0030AA68 /* Baluchon */ = {
			isa = PBXGroup;
			children = (
				98C413472922CBEB0030AA68 /* Apple Generated */,
				98F9335B2944EDBF007B75D1 /* Extensions */,
				985AC22F292A760A00480833 /* Services */,
				985AC2182922DD8500480833 /* Models */,
				98BE9F092954C6E0003A7FF4 /* Views */,
				98BE9F082954C6D8003A7FF4 /* Controllers */,
				98C413482922CC7B0030AA68 /* Navigation */,
				98C413462922CAB00030AA68 /* Ressources */,
			);
			path = Baluchon;
			sourceTree = "<group>";
		};
		98C413462922CAB00030AA68 /* Ressources */ = {
			isa = PBXGroup;
			children = (
				98C4133B2922CA300030AA68 /* Assets.xcassets */,
				98C4133D2922CA300030AA68 /* LaunchScreen.storyboard */,
				98C413402922CA300030AA68 /* Info.plist */,
			);
			path = Ressources;
			sourceTree = "<group>";
		};
		98C413472922CBEB0030AA68 /* Apple Generated */ = {
			isa = PBXGroup;
			children = (
				98C413322922CA2F0030AA68 /* AppDelegate.swift */,
				98C413342922CA2F0030AA68 /* SceneDelegate.swift */,
			);
			path = "Apple Generated";
			sourceTree = "<group>";
		};
		98C413482922CC7B0030AA68 /* Navigation */ = {
			isa = PBXGroup;
			children = (
				98C413492922CE650030AA68 /* TabBarViewController.swift */,
			);
			path = Navigation;
			sourceTree = "<group>";
		};
		98C4134B2922D4EF0030AA68 /* Weather */ = {
			isa = PBXGroup;
			children = (
				98C413512922D8C60030AA68 /* WeatherModel.swift */,
			);
			path = Weather;
			sourceTree = "<group>";
		};
		98F9335B2944EDBF007B75D1 /* Extensions */ = {
			isa = PBXGroup;
			children = (
				98F9335C2944EDE3007B75D1 /* Float+Clean.swift */,
			);
			path = Extensions;
			sourceTree = "<group>";
		};
/* End PBXGroup section */

/* Begin PBXNativeTarget section */
		98BE9EFE29535750003A7FF4 /* BaluchonTests */ = {
			isa = PBXNativeTarget;
			buildConfigurationList = 98BE9F0729535750003A7FF4 /* Build configuration list for PBXNativeTarget "BaluchonTests" */;
			buildPhases = (
				98BE9EFB29535750003A7FF4 /* Sources */,
				98BE9EFC29535750003A7FF4 /* Frameworks */,
				98BE9EFD29535750003A7FF4 /* Resources */,
			);
			buildRules = (
			);
			dependencies = (
				98BE9F0429535750003A7FF4 /* PBXTargetDependency */,
			);
			name = BaluchonTests;
			productName = BaluchonTests;
			productReference = 98BE9EFF29535750003A7FF4 /* BaluchonTests.xctest */;
			productType = "com.apple.product-type.bundle.unit-test";
		};
		98C4132E2922CA2F0030AA68 /* Baluchon */ = {
			isa = PBXNativeTarget;
			buildConfigurationList = 98C413432922CA300030AA68 /* Build configuration list for PBXNativeTarget "Baluchon" */;
			buildPhases = (
				98C4132B2922CA2F0030AA68 /* Sources */,
				98C4132C2922CA2F0030AA68 /* Frameworks */,
				98C4132D2922CA2F0030AA68 /* Resources */,
			);
			buildRules = (
			);
			dependencies = (
			);
			name = Baluchon;
			productName = Baluchon;
			productReference = 98C4132F2922CA2F0030AA68 /* Baluchon.app */;
			productType = "com.apple.product-type.application";
		};
/* End PBXNativeTarget section */

/* Begin PBXProject section */
		98C413272922CA2F0030AA68 /* Project object */ = {
			isa = PBXProject;
			attributes = {
				BuildIndependentTargetsInParallel = 1;
				LastSwiftUpdateCheck = 1420;
				LastUpgradeCheck = 1410;
				TargetAttributes = {
					98BE9EFE29535750003A7FF4 = {
						CreatedOnToolsVersion = 14.2;
						TestTargetID = 98C4132E2922CA2F0030AA68;
					};
					98C4132E2922CA2F0030AA68 = {
						CreatedOnToolsVersion = 14.1;
					};
				};
			};
			buildConfigurationList = 98C4132A2922CA2F0030AA68 /* Build configuration list for PBXProject "Baluchon" */;
			compatibilityVersion = "Xcode 14.0";
			developmentRegion = en;
			hasScannedForEncodings = 0;
			knownRegions = (
				en,
				Base,
			);
			mainGroup = 98C413262922CA2F0030AA68;
			productRefGroup = 98C413302922CA2F0030AA68 /* Products */;
			projectDirPath = "";
			projectRoot = "";
			targets = (
				98C4132E2922CA2F0030AA68 /* Baluchon */,
				98BE9EFE29535750003A7FF4 /* BaluchonTests */,
			);
		};
/* End PBXProject section */

/* Begin PBXResourcesBuildPhase section */
		98BE9EFD29535750003A7FF4 /* Resources */ = {
			isa = PBXResourcesBuildPhase;
			buildActionMask = 2147483647;
			files = (
				913310592959B6C60040DD90 /* Weather.json in Resources */,
				988C520F295DEB2C00CDFD64 /* Conversion.json in Resources */,
				988C5212295DF17500CDFD64 /* Translation.json in Resources */,
			);
			runOnlyForDeploymentPostprocessing = 0;
		};
		98C4132D2922CA2F0030AA68 /* Resources */ = {
			isa = PBXResourcesBuildPhase;
			buildActionMask = 2147483647;
			files = (
				98C4133F2922CA300030AA68 /* LaunchScreen.storyboard in Resources */,
				98C4133C2922CA300030AA68 /* Assets.xcassets in Resources */,
			);
			runOnlyForDeploymentPostprocessing = 0;
		};
/* End PBXResourcesBuildPhase section */

/* Begin PBXSourcesBuildPhase section */
		98BE9EFB29535750003A7FF4 /* Sources */ = {
			isa = PBXSourcesBuildPhase;
			buildActionMask = 2147483647;
			files = (
				913310522959B50F0040DD90 /* MockURLProtocol.swift in Sources */,
				988C5214295F0C0E00CDFD64 /* MockError.swift in Sources */,
				913310562959B5670040DD90 /* BaluchonTests.swift in Sources */,
			);
			runOnlyForDeploymentPostprocessing = 0;
		};
		98C4132B2922CA2F0030AA68 /* Sources */ = {
			isa = PBXSourcesBuildPhase;
			buildActionMask = 2147483647;
			files = (
				988FED1929352386007228F3 /* NetworkWeatherService.swift in Sources */,
				98C71EBE294A38340057FCAA /* TranslationButtonTableViewCell.swift in Sources */,
				98C71EC2294A494D0057FCAA /* TranslationTextTranslatedCell.swift in Sources */,
				98DA37192944BA4500411E78 /* ConversionButtonTableViewCell.swift in Sources */,
				98DA3711293D534C00411E78 /* ConversionTableView.swift in Sources */,
				98C71EC0294A42B70057FCAA /* TranslationTextToTranslateTableViewCell.swift in Sources */,
				98C413332922CA2F0030AA68 /* AppDelegate.swift in Sources */,
				98C4134D2922D5FB0030AA68 /* WeatherViewController.swift in Sources */,
				98C4134A2922CE650030AA68 /* TabBarViewController.swift in Sources */,
				98DA3713293D54DA00411E78 /* ConversionTableViewCell.swift in Sources */,
				988FED20293A605E007228F3 /* AlertProvider.swift in Sources */,
				988FED1729352210007228F3 /* WeatherEntity.swift in Sources */,
				98DA371729449D7400411E78 /* ConversionResultTableViewCell.swift in Sources */,
				98C71EBA294A34E20057FCAA /* TranslationTableView.swift in Sources */,
				98F9335D2944EDE3007B75D1 /* Float+Clean.swift in Sources */,
				98C413542922D8D40030AA68 /* WeatherCollectionViewCell.swift in Sources */,
				985AC233292A9D1200480833 /* WeatherCollectionView.swift in Sources */,
				98DA370F293D455900411E78 /* ConversionEntity.swift in Sources */,
				985AC21A2922DDB400480833 /* ConversionModel.swift in Sources */,
				98C71EBC294A36510057FCAA /* TranslationLangagesTableViewCell.swift in Sources */,
				98C413522922D8C60030AA68 /* WeatherModel.swift in Sources */,
				98DA371C2944BDC800411E78 /* ConversionValueTableViewCell.swift in Sources */,
				98DA3715294492E300411E78 /* ConversionCurrencyTableViewCell.swift in Sources */,
				988FED1C293A1481007228F3 /* NetworkProtocol.swift in Sources */,
				985AC2242922DF3D00480833 /* TranslationModel.swift in Sources */,
				985AC2282922DF7100480833 /* TranslationViewController.swift in Sources */,
				98DA370C293D3DFD00411E78 /* ConversionNetworkService.swift in Sources */,
				985AC21E2922DDDB00480833 /* ConversionController.swift in Sources */,
				98C71EC5294CA2E20057FCAA /* TranslationNetworkService.swift in Sources */,
				98C71EC7294CA3CB0057FCAA /* TranslationEntity.swift in Sources */,
				98C413352922CA2F0030AA68 /* SceneDelegate.swift in Sources */,
			);
			runOnlyForDeploymentPostprocessing = 0;
		};
/* End PBXSourcesBuildPhase section */

/* Begin PBXTargetDependency section */
		98BE9F0429535750003A7FF4 /* PBXTargetDependency */ = {
			isa = PBXTargetDependency;
			target = 98C4132E2922CA2F0030AA68 /* Baluchon */;
			targetProxy = 98BE9F0329535750003A7FF4 /* PBXContainerItemProxy */;
		};
/* End PBXTargetDependency section */

/* Begin PBXVariantGroup section */
		98C4133D2922CA300030AA68 /* LaunchScreen.storyboard */ = {
			isa = PBXVariantGroup;
			children = (
				98C4133E2922CA300030AA68 /* Base */,
			);
			name = LaunchScreen.storyboard;
			sourceTree = "<group>";
		};
/* End PBXVariantGroup section */

/* Begin XCBuildConfiguration section */
		98BE9F0529535750003A7FF4 /* Debug */ = {
			isa = XCBuildConfiguration;
			buildSettings = {
				BUNDLE_LOADER = "$(TEST_HOST)";
				CODE_SIGN_STYLE = Automatic;
				CURRENT_PROJECT_VERSION = 1;
				DEVELOPMENT_TEAM = GB34966X5M;
				GENERATE_INFOPLIST_FILE = YES;
				IPHONEOS_DEPLOYMENT_TARGET = 16.2;
				MARKETING_VERSION = 1.0;
				PRODUCT_BUNDLE_IDENTIFIER = com.lorenebrocourt.BaluchonTests;
				PRODUCT_NAME = "$(TARGET_NAME)";
				SWIFT_EMIT_LOC_STRINGS = NO;
				SWIFT_VERSION = 5.0;
				TARGETED_DEVICE_FAMILY = "1,2";
				TEST_HOST = "$(BUILT_PRODUCTS_DIR)/Baluchon.app/$(BUNDLE_EXECUTABLE_FOLDER_PATH)/Baluchon";
			};
			name = Debug;
		};
		98BE9F0629535750003A7FF4 /* Release */ = {
			isa = XCBuildConfiguration;
			buildSettings = {
				BUNDLE_LOADER = "$(TEST_HOST)";
				CODE_SIGN_STYLE = Automatic;
				CURRENT_PROJECT_VERSION = 1;
				DEVELOPMENT_TEAM = GB34966X5M;
				GENERATE_INFOPLIST_FILE = YES;
				IPHONEOS_DEPLOYMENT_TARGET = 16.2;
				MARKETING_VERSION = 1.0;
				PRODUCT_BUNDLE_IDENTIFIER = com.lorenebrocourt.BaluchonTests;
				PRODUCT_NAME = "$(TARGET_NAME)";
				SWIFT_EMIT_LOC_STRINGS = NO;
				SWIFT_VERSION = 5.0;
				TARGETED_DEVICE_FAMILY = "1,2";
				TEST_HOST = "$(BUILT_PRODUCTS_DIR)/Baluchon.app/$(BUNDLE_EXECUTABLE_FOLDER_PATH)/Baluchon";
			};
			name = Release;
		};
		98C413412922CA300030AA68 /* Debug */ = {
			isa = XCBuildConfiguration;
			buildSettings = {
				ALWAYS_SEARCH_USER_PATHS = NO;
				CLANG_ANALYZER_NONNULL = YES;
				CLANG_ANALYZER_NUMBER_OBJECT_CONVERSION = YES_AGGRESSIVE;
				CLANG_CXX_LANGUAGE_STANDARD = "gnu++20";
				CLANG_ENABLE_MODULES = YES;
				CLANG_ENABLE_OBJC_ARC = YES;
				CLANG_ENABLE_OBJC_WEAK = YES;
				CLANG_WARN_BLOCK_CAPTURE_AUTORELEASING = YES;
				CLANG_WARN_BOOL_CONVERSION = YES;
				CLANG_WARN_COMMA = YES;
				CLANG_WARN_CONSTANT_CONVERSION = YES;
				CLANG_WARN_DEPRECATED_OBJC_IMPLEMENTATIONS = YES;
				CLANG_WARN_DIRECT_OBJC_ISA_USAGE = YES_ERROR;
				CLANG_WARN_DOCUMENTATION_COMMENTS = YES;
				CLANG_WARN_EMPTY_BODY = YES;
				CLANG_WARN_ENUM_CONVERSION = YES;
				CLANG_WARN_INFINITE_RECURSION = YES;
				CLANG_WARN_INT_CONVERSION = YES;
				CLANG_WARN_NON_LITERAL_NULL_CONVERSION = YES;
				CLANG_WARN_OBJC_IMPLICIT_RETAIN_SELF = YES;
				CLANG_WARN_OBJC_LITERAL_CONVERSION = YES;
				CLANG_WARN_OBJC_ROOT_CLASS = YES_ERROR;
				CLANG_WARN_QUOTED_INCLUDE_IN_FRAMEWORK_HEADER = YES;
				CLANG_WARN_RANGE_LOOP_ANALYSIS = YES;
				CLANG_WARN_STRICT_PROTOTYPES = YES;
				CLANG_WARN_SUSPICIOUS_MOVE = YES;
				CLANG_WARN_UNGUARDED_AVAILABILITY = YES_AGGRESSIVE;
				CLANG_WARN_UNREACHABLE_CODE = YES;
				CLANG_WARN__DUPLICATE_METHOD_MATCH = YES;
				COPY_PHASE_STRIP = NO;
				DEBUG_INFORMATION_FORMAT = dwarf;
				ENABLE_STRICT_OBJC_MSGSEND = YES;
				ENABLE_TESTABILITY = YES;
				GCC_C_LANGUAGE_STANDARD = gnu11;
				GCC_DYNAMIC_NO_PIC = NO;
				GCC_NO_COMMON_BLOCKS = YES;
				GCC_OPTIMIZATION_LEVEL = 0;
				GCC_PREPROCESSOR_DEFINITIONS = (
					"DEBUG=1",
					"$(inherited)",
				);
				GCC_WARN_64_TO_32_BIT_CONVERSION = YES;
				GCC_WARN_ABOUT_RETURN_TYPE = YES_ERROR;
				GCC_WARN_UNDECLARED_SELECTOR = YES;
				GCC_WARN_UNINITIALIZED_AUTOS = YES_AGGRESSIVE;
				GCC_WARN_UNUSED_FUNCTION = YES;
				GCC_WARN_UNUSED_VARIABLE = YES;
				IPHONEOS_DEPLOYMENT_TARGET = 16.1;
				MTL_ENABLE_DEBUG_INFO = INCLUDE_SOURCE;
				MTL_FAST_MATH = YES;
				ONLY_ACTIVE_ARCH = YES;
				SDKROOT = iphoneos;
				SWIFT_ACTIVE_COMPILATION_CONDITIONS = DEBUG;
				SWIFT_OPTIMIZATION_LEVEL = "-Onone";
			};
			name = Debug;
		};
		98C413422922CA300030AA68 /* Release */ = {
			isa = XCBuildConfiguration;
			buildSettings = {
				ALWAYS_SEARCH_USER_PATHS = NO;
				CLANG_ANALYZER_NONNULL = YES;
				CLANG_ANALYZER_NUMBER_OBJECT_CONVERSION = YES_AGGRESSIVE;
				CLANG_CXX_LANGUAGE_STANDARD = "gnu++20";
				CLANG_ENABLE_MODULES = YES;
				CLANG_ENABLE_OBJC_ARC = YES;
				CLANG_ENABLE_OBJC_WEAK = YES;
				CLANG_WARN_BLOCK_CAPTURE_AUTORELEASING = YES;
				CLANG_WARN_BOOL_CONVERSION = YES;
				CLANG_WARN_COMMA = YES;
				CLANG_WARN_CONSTANT_CONVERSION = YES;
				CLANG_WARN_DEPRECATED_OBJC_IMPLEMENTATIONS = YES;
				CLANG_WARN_DIRECT_OBJC_ISA_USAGE = YES_ERROR;
				CLANG_WARN_DOCUMENTATION_COMMENTS = YES;
				CLANG_WARN_EMPTY_BODY = YES;
				CLANG_WARN_ENUM_CONVERSION = YES;
				CLANG_WARN_INFINITE_RECURSION = YES;
				CLANG_WARN_INT_CONVERSION = YES;
				CLANG_WARN_NON_LITERAL_NULL_CONVERSION = YES;
				CLANG_WARN_OBJC_IMPLICIT_RETAIN_SELF = YES;
				CLANG_WARN_OBJC_LITERAL_CONVERSION = YES;
				CLANG_WARN_OBJC_ROOT_CLASS = YES_ERROR;
				CLANG_WARN_QUOTED_INCLUDE_IN_FRAMEWORK_HEADER = YES;
				CLANG_WARN_RANGE_LOOP_ANALYSIS = YES;
				CLANG_WARN_STRICT_PROTOTYPES = YES;
				CLANG_WARN_SUSPICIOUS_MOVE = YES;
				CLANG_WARN_UNGUARDED_AVAILABILITY = YES_AGGRESSIVE;
				CLANG_WARN_UNREACHABLE_CODE = YES;
				CLANG_WARN__DUPLICATE_METHOD_MATCH = YES;
				COPY_PHASE_STRIP = NO;
				DEBUG_INFORMATION_FORMAT = "dwarf-with-dsym";
				ENABLE_NS_ASSERTIONS = NO;
				ENABLE_STRICT_OBJC_MSGSEND = YES;
				GCC_C_LANGUAGE_STANDARD = gnu11;
				GCC_NO_COMMON_BLOCKS = YES;
				GCC_WARN_64_TO_32_BIT_CONVERSION = YES;
				GCC_WARN_ABOUT_RETURN_TYPE = YES_ERROR;
				GCC_WARN_UNDECLARED_SELECTOR = YES;
				GCC_WARN_UNINITIALIZED_AUTOS = YES_AGGRESSIVE;
				GCC_WARN_UNUSED_FUNCTION = YES;
				GCC_WARN_UNUSED_VARIABLE = YES;
				IPHONEOS_DEPLOYMENT_TARGET = 16.1;
				MTL_ENABLE_DEBUG_INFO = NO;
				MTL_FAST_MATH = YES;
				SDKROOT = iphoneos;
				SWIFT_COMPILATION_MODE = wholemodule;
				SWIFT_OPTIMIZATION_LEVEL = "-O";
				VALIDATE_PRODUCT = YES;
			};
			name = Release;
		};
		98C413442922CA300030AA68 /* Debug */ = {
			isa = XCBuildConfiguration;
			buildSettings = {
				ASSETCATALOG_COMPILER_APPICON_NAME = AppIcon;
				ASSETCATALOG_COMPILER_GLOBAL_ACCENT_COLOR_NAME = AccentColor;
				CODE_SIGN_STYLE = Automatic;
				CURRENT_PROJECT_VERSION = 1;
				DEVELOPMENT_TEAM = GB34966X5M;
				GENERATE_INFOPLIST_FILE = YES;
				INFOPLIST_FILE = Baluchon/Ressources/Info.plist;
				INFOPLIST_KEY_UIApplicationSupportsIndirectInputEvents = YES;
				INFOPLIST_KEY_UILaunchStoryboardName = LaunchScreen.storyboard;
				INFOPLIST_KEY_UIMainStoryboardFile = "";
				INFOPLIST_KEY_UISupportedInterfaceOrientations = UIInterfaceOrientationPortrait;
				IPHONEOS_DEPLOYMENT_TARGET = 13.6;
				LD_RUNPATH_SEARCH_PATHS = (
					"$(inherited)",
					"@executable_path/Frameworks",
				);
				MARKETING_VERSION = 1.0;
				PRODUCT_BUNDLE_IDENTIFIER = com.lorenebrocourt.Baluchons;
				PRODUCT_NAME = "$(TARGET_NAME)";
				SWIFT_EMIT_LOC_STRINGS = YES;
				SWIFT_VERSION = 5.0;
				TARGETED_DEVICE_FAMILY = "1,2";
			};
			name = Debug;
		};
		98C413452922CA300030AA68 /* Release */ = {
			isa = XCBuildConfiguration;
			buildSettings = {
				ASSETCATALOG_COMPILER_APPICON_NAME = AppIcon;
				ASSETCATALOG_COMPILER_GLOBAL_ACCENT_COLOR_NAME = AccentColor;
				CODE_SIGN_STYLE = Automatic;
				CURRENT_PROJECT_VERSION = 1;
				DEVELOPMENT_TEAM = GB34966X5M;
				GENERATE_INFOPLIST_FILE = YES;
				INFOPLIST_FILE = Baluchon/Ressources/Info.plist;
				INFOPLIST_KEY_UIApplicationSupportsIndirectInputEvents = YES;
				INFOPLIST_KEY_UILaunchStoryboardName = LaunchScreen.storyboard;
				INFOPLIST_KEY_UIMainStoryboardFile = "";
				INFOPLIST_KEY_UISupportedInterfaceOrientations = UIInterfaceOrientationPortrait;
				IPHONEOS_DEPLOYMENT_TARGET = 13.6;
				LD_RUNPATH_SEARCH_PATHS = (
					"$(inherited)",
					"@executable_path/Frameworks",
				);
				MARKETING_VERSION = 1.0;
				PRODUCT_BUNDLE_IDENTIFIER = com.lorenebrocourt.Baluchons;
				PRODUCT_NAME = "$(TARGET_NAME)";
				SWIFT_EMIT_LOC_STRINGS = YES;
				SWIFT_VERSION = 5.0;
				TARGETED_DEVICE_FAMILY = "1,2";
			};
			name = Release;
		};
/* End XCBuildConfiguration section */

/* Begin XCConfigurationList section */
		98BE9F0729535750003A7FF4 /* Build configuration list for PBXNativeTarget "BaluchonTests" */ = {
			isa = XCConfigurationList;
			buildConfigurations = (
				98BE9F0529535750003A7FF4 /* Debug */,
				98BE9F0629535750003A7FF4 /* Release */,
			);
			defaultConfigurationIsVisible = 0;
			defaultConfigurationName = Release;
		};
		98C4132A2922CA2F0030AA68 /* Build configuration list for PBXProject "Baluchon" */ = {
			isa = XCConfigurationList;
			buildConfigurations = (
				98C413412922CA300030AA68 /* Debug */,
				98C413422922CA300030AA68 /* Release */,
			);
			defaultConfigurationIsVisible = 0;
			defaultConfigurationName = Release;
		};
		98C413432922CA300030AA68 /* Build configuration list for PBXNativeTarget "Baluchon" */ = {
			isa = XCConfigurationList;
			buildConfigurations = (
				98C413442922CA300030AA68 /* Debug */,
				98C413452922CA300030AA68 /* Release */,
			);
			defaultConfigurationIsVisible = 0;
			defaultConfigurationName = Release;
		};
/* End XCConfigurationList section */
	};
	rootObject = 98C413272922CA2F0030AA68 /* Project object */;
}
